// !$*UTF8*$!
{
	archiveVersion = 1;
	classes = {
	};
	objectVersion = 56;
	objects = {

/* Begin PBXBuildFile section */
		B121CEAE2BEF05FD00796B11 /* AppDelegate.swift in Sources */ = {isa = PBXBuildFile; fileRef = B121CEAD2BEF05FD00796B11 /* AppDelegate.swift */; };
		B121CEB02BEF05FD00796B11 /* SceneDelegate.swift in Sources */ = {isa = PBXBuildFile; fileRef = B121CEAF2BEF05FD00796B11 /* SceneDelegate.swift */; };
		B121CEB52BEF05FD00796B11 /* Base in Resources */ = {isa = PBXBuildFile; fileRef = B121CEB42BEF05FD00796B11 /* Base */; };
		B121CEB72BEF05FE00796B11 /* Assets.xcassets in Resources */ = {isa = PBXBuildFile; fileRef = B121CEB62BEF05FE00796B11 /* Assets.xcassets */; };
		B121CEBA2BEF05FE00796B11 /* Base in Resources */ = {isa = PBXBuildFile; fileRef = B121CEB92BEF05FE00796B11 /* Base */; };
		B1B866442BF30C61008D0ECD /* EnterCoordViewController.swift in Sources */ = {isa = PBXBuildFile; fileRef = B1B866432BF30C61008D0ECD /* EnterCoordViewController.swift */; };
		B1B866462BF30FE9008D0ECD /* MapViewController.swift in Sources */ = {isa = PBXBuildFile; fileRef = B1B866452BF30FE9008D0ECD /* MapViewController.swift */; };
		B1FA8B772BF5A3970024FF55 /* TeamListViewController.swift in Sources */ = {isa = PBXBuildFile; fileRef = B1FA8B762BF5A3970024FF55 /* TeamListViewController.swift */; };
		B1FA8B7C2BF5AFBF0024FF55 /* member.swift in Sources */ = {isa = PBXBuildFile; fileRef = B1FA8B7B2BF5AFBF0024FF55 /* member.swift */; };
		B1FA8B7E2BF5B2FB0024FF55 /* TeamTableViewCell.swift in Sources */ = {isa = PBXBuildFile; fileRef = B1FA8B7D2BF5B2FB0024FF55 /* TeamTableViewCell.swift */; };
/* End PBXBuildFile section */

/* Begin PBXFileReference section */
		B121CEAA2BEF05FD00796B11 /* aboutable.app */ = {isa = PBXFileReference; explicitFileType = wrapper.application; includeInIndex = 0; path = aboutable.app; sourceTree = BUILT_PRODUCTS_DIR; };
		B121CEAD2BEF05FD00796B11 /* AppDelegate.swift */ = {isa = PBXFileReference; lastKnownFileType = sourcecode.swift; path = AppDelegate.swift; sourceTree = "<group>"; };
		B121CEAF2BEF05FD00796B11 /* SceneDelegate.swift */ = {isa = PBXFileReference; lastKnownFileType = sourcecode.swift; path = SceneDelegate.swift; sourceTree = "<group>"; };
		B121CEB42BEF05FD00796B11 /* Base */ = {isa = PBXFileReference; lastKnownFileType = file.storyboard; name = Base; path = Base.lproj/Main.storyboard; sourceTree = "<group>"; };
		B121CEB62BEF05FE00796B11 /* Assets.xcassets */ = {isa = PBXFileReference; lastKnownFileType = folder.assetcatalog; path = Assets.xcassets; sourceTree = "<group>"; };
		B121CEB92BEF05FE00796B11 /* Base */ = {isa = PBXFileReference; lastKnownFileType = file.storyboard; name = Base; path = Base.lproj/LaunchScreen.storyboard; sourceTree = "<group>"; };
		B121CEBB2BEF05FE00796B11 /* Info.plist */ = {isa = PBXFileReference; lastKnownFileType = text.plist.xml; path = Info.plist; sourceTree = "<group>"; };
		B1B866432BF30C61008D0ECD /* EnterCoordViewController.swift */ = {isa = PBXFileReference; lastKnownFileType = sourcecode.swift; path = EnterCoordViewController.swift; sourceTree = "<group>"; };
		B1B866452BF30FE9008D0ECD /* MapViewController.swift */ = {isa = PBXFileReference; lastKnownFileType = sourcecode.swift; path = MapViewController.swift; sourceTree = "<group>"; };
		B1FA8B762BF5A3970024FF55 /* TeamListViewController.swift */ = {isa = PBXFileReference; lastKnownFileType = sourcecode.swift; path = TeamListViewController.swift; sourceTree = "<group>"; };
		B1FA8B7B2BF5AFBF0024FF55 /* member.swift */ = {isa = PBXFileReference; lastKnownFileType = sourcecode.swift; path = member.swift; sourceTree = "<group>"; };
		B1FA8B7D2BF5B2FB0024FF55 /* TeamTableViewCell.swift */ = {isa = PBXFileReference; lastKnownFileType = sourcecode.swift; path = TeamTableViewCell.swift; sourceTree = "<group>"; };
/* End PBXFileReference section */

/* Begin PBXFrameworksBuildPhase section */
		B121CEA72BEF05FD00796B11 /* Frameworks */ = {
			isa = PBXFrameworksBuildPhase;
			buildActionMask = 2147483647;
			files = (
			);
			runOnlyForDeploymentPostprocessing = 0;
		};
/* End PBXFrameworksBuildPhase section */

/* Begin PBXGroup section */
		B121CEA12BEF05FD00796B11 = {
			isa = PBXGroup;
			children = (
				B121CEAC2BEF05FD00796B11 /* aboutable */,
				B121CEAB2BEF05FD00796B11 /* Products */,
			);
			sourceTree = "<group>";
		};
		B121CEAB2BEF05FD00796B11 /* Products */ = {
			isa = PBXGroup;
			children = (
				B121CEAA2BEF05FD00796B11 /* aboutable.app */,
			);
			name = Products;
			sourceTree = "<group>";
		};
		B121CEAC2BEF05FD00796B11 /* aboutable */ = {
			isa = PBXGroup;
			children = (
				B1FA8B7A2BF5AFAC0024FF55 /* data */,
				B1B866482BF3100D008D0ECD /* team */,
				B1B866472BF30FF8008D0ECD /* location */,
				B121CEAD2BEF05FD00796B11 /* AppDelegate.swift */,
				B121CEAF2BEF05FD00796B11 /* SceneDelegate.swift */,
				B121CEB32BEF05FD00796B11 /* Main.storyboard */,
				B121CEB62BEF05FE00796B11 /* Assets.xcassets */,
				B121CEB82BEF05FE00796B11 /* LaunchScreen.storyboard */,
				B121CEBB2BEF05FE00796B11 /* Info.plist */,
			);
			path = aboutable;
			sourceTree = "<group>";
		};
		B1B866472BF30FF8008D0ECD /* location */ = {
			isa = PBXGroup;
			children = (
				B1B866452BF30FE9008D0ECD /* MapViewController.swift */,
				B1B866432BF30C61008D0ECD /* EnterCoordViewController.swift */,
			);
			path = location;
			sourceTree = "<group>";
		};
		B1B866482BF3100D008D0ECD /* team */ = {
			isa = PBXGroup;
			children = (
				B1FA8B762BF5A3970024FF55 /* TeamListViewController.swift */,
				B1FA8B7D2BF5B2FB0024FF55 /* TeamTableViewCell.swift */,
			);
			path = team;
			sourceTree = "<group>";
		};
		B1FA8B7A2BF5AFAC0024FF55 /* data */ = {
			isa = PBXGroup;
			children = (
				B1FA8B7B2BF5AFBF0024FF55 /* member.swift */,
			);
			path = data;
			sourceTree = "<group>";
		};
/* End PBXGroup section */

/* Begin PBXNativeTarget section */
		B121CEA92BEF05FD00796B11 /* aboutable */ = {
			isa = PBXNativeTarget;
			buildConfigurationList = B121CEBE2BEF05FE00796B11 /* Build configuration list for PBXNativeTarget "aboutable" */;
			buildPhases = (
				B121CEA62BEF05FD00796B11 /* Sources */,
				B121CEA72BEF05FD00796B11 /* Frameworks */,
				B121CEA82BEF05FD00796B11 /* Resources */,
			);
			buildRules = (
			);
			dependencies = (
			);
			name = aboutable;
			productName = abouteam;
			productReference = B121CEAA2BEF05FD00796B11 /* aboutable.app */;
			productType = "com.apple.product-type.application";
		};
/* End PBXNativeTarget section */

/* Begin PBXProject section */
		B121CEA22BEF05FD00796B11 /* Project object */ = {
			isa = PBXProject;
			attributes = {
				BuildIndependentTargetsInParallel = 1;
				LastSwiftUpdateCheck = 1530;
				LastUpgradeCheck = 1530;
				TargetAttributes = {
					B121CEA92BEF05FD00796B11 = {
						CreatedOnToolsVersion = 15.3;
					};
				};
			};
			buildConfigurationList = B121CEA52BEF05FD00796B11 /* Build configuration list for PBXProject "aboutable" */;
			compatibilityVersion = "Xcode 14.0";
			developmentRegion = en;
			hasScannedForEncodings = 0;
			knownRegions = (
				en,
				Base,
			);
			mainGroup = B121CEA12BEF05FD00796B11;
			productRefGroup = B121CEAB2BEF05FD00796B11 /* Products */;
			projectDirPath = "";
			projectRoot = "";
			targets = (
				B121CEA92BEF05FD00796B11 /* aboutable */,
			);
		};
/* End PBXProject section */

/* Begin PBXResourcesBuildPhase section */
		B121CEA82BEF05FD00796B11 /* Resources */ = {
			isa = PBXResourcesBuildPhase;
			buildActionMask = 2147483647;
			files = (
				B121CEB72BEF05FE00796B11 /* Assets.xcassets in Resources */,
				B121CEBA2BEF05FE00796B11 /* Base in Resources */,
				B121CEB52BEF05FD00796B11 /* Base in Resources */,
			);
			runOnlyForDeploymentPostprocessing = 0;
		};
/* End PBXResourcesBuildPhase section */

/* Begin PBXSourcesBuildPhase section */
		B121CEA62BEF05FD00796B11 /* Sources */ = {
			isa = PBXSourcesBuildPhase;
			buildActionMask = 2147483647;
			files = (
				B1FA8B772BF5A3970024FF55 /* TeamListViewController.swift in Sources */,
				B1B866462BF30FE9008D0ECD /* MapViewController.swift in Sources */,
				B121CEAE2BEF05FD00796B11 /* AppDelegate.swift in Sources */,
				B1B866442BF30C61008D0ECD /* EnterCoordViewController.swift in Sources */,
				B1FA8B7E2BF5B2FB0024FF55 /* TeamTableViewCell.swift in Sources */,
				B121CEB02BEF05FD00796B11 /* SceneDelegate.swift in Sources */,
				B1FA8B7C2BF5AFBF0024FF55 /* member.swift in Sources */,
			);
			runOnlyForDeploymentPostprocessing = 0;
		};
/* End PBXSourcesBuildPhase section */

/* Begin PBXVariantGroup section */
		B121CEB32BEF05FD00796B11 /* Main.storyboard */ = {
			isa = PBXVariantGroup;
			children = (
				B121CEB42BEF05FD00796B11 /* Base */,
			);
			name = Main.storyboard;
			sourceTree = "<group>";
		};
		B121CEB82BEF05FE00796B11 /* LaunchScreen.storyboard */ = {
			isa = PBXVariantGroup;
			children = (
				B121CEB92BEF05FE00796B11 /* Base */,
			);
			name = LaunchScreen.storyboard;
			sourceTree = "<group>";
		};
/* End PBXVariantGroup section */

/* Begin XCBuildConfiguration section */
		B121CEBC2BEF05FE00796B11 /* Debug */ = {
			isa = XCBuildConfiguration;
			buildSettings = {
				ALWAYS_SEARCH_USER_PATHS = NO;
				ASSETCATALOG_COMPILER_GENERATE_SWIFT_ASSET_SYMBOL_EXTENSIONS = YES;
				CLANG_ANALYZER_NONNULL = YES;
				CLANG_ANALYZER_NUMBER_OBJECT_CONVERSION = YES_AGGRESSIVE;
				CLANG_CXX_LANGUAGE_STANDARD = "gnu++20";
				CLANG_ENABLE_MODULES = YES;
				CLANG_ENABLE_OBJC_ARC = YES;
				CLANG_ENABLE_OBJC_WEAK = YES;
				CLANG_WARN_BLOCK_CAPTURE_AUTORELEASING = YES;
				CLANG_WARN_BOOL_CONVERSION = YES;
				CLANG_WARN_COMMA = YES;
				CLANG_WARN_CONSTANT_CONVERSION = YES;
				CLANG_WARN_DEPRECATED_OBJC_IMPLEMENTATIONS = YES;
				CLANG_WARN_DIRECT_OBJC_ISA_USAGE = YES_ERROR;
				CLANG_WARN_DOCUMENTATION_COMMENTS = YES;
				CLANG_WARN_EMPTY_BODY = YES;
				CLANG_WARN_ENUM_CONVERSION = YES;
				CLANG_WARN_INFINITE_RECURSION = YES;
				CLANG_WARN_INT_CONVERSION = YES;
				CLANG_WARN_NON_LITERAL_NULL_CONVERSION = YES;
				CLANG_WARN_OBJC_IMPLICIT_RETAIN_SELF = YES;
				CLANG_WARN_OBJC_LITERAL_CONVERSION = YES;
				CLANG_WARN_OBJC_ROOT_CLASS = YES_ERROR;
				CLANG_WARN_QUOTED_INCLUDE_IN_FRAMEWORK_HEADER = YES;
				CLANG_WARN_RANGE_LOOP_ANALYSIS = YES;
				CLANG_WARN_STRICT_PROTOTYPES = YES;
				CLANG_WARN_SUSPICIOUS_MOVE = YES;
				CLANG_WARN_UNGUARDED_AVAILABILITY = YES_AGGRESSIVE;
				CLANG_WARN_UNREACHABLE_CODE = YES;
				CLANG_WARN__DUPLICATE_METHOD_MATCH = YES;
				COPY_PHASE_STRIP = NO;
				DEBUG_INFORMATION_FORMAT = dwarf;
				ENABLE_STRICT_OBJC_MSGSEND = YES;
				ENABLE_TESTABILITY = YES;
				ENABLE_USER_SCRIPT_SANDBOXING = YES;
				GCC_C_LANGUAGE_STANDARD = gnu17;
				GCC_DYNAMIC_NO_PIC = NO;
				GCC_NO_COMMON_BLOCKS = YES;
				GCC_OPTIMIZATION_LEVEL = 0;
				GCC_PREPROCESSOR_DEFINITIONS = (
					"DEBUG=1",
					"$(inherited)",
				);
				GCC_WARN_64_TO_32_BIT_CONVERSION = YES;
				GCC_WARN_ABOUT_RETURN_TYPE = YES_ERROR;
				GCC_WARN_UNDECLARED_SELECTOR = YES;
				GCC_WARN_UNINITIALIZED_AUTOS = YES_AGGRESSIVE;
				GCC_WARN_UNUSED_FUNCTION = YES;
				GCC_WARN_UNUSED_VARIABLE = YES;
				IPHONEOS_DEPLOYMENT_TARGET = 17.4;
				LOCALIZATION_PREFERS_STRING_CATALOGS = YES;
				MTL_ENABLE_DEBUG_INFO = INCLUDE_SOURCE;
				MTL_FAST_MATH = YES;
				ONLY_ACTIVE_ARCH = YES;
				SDKROOT = iphoneos;
				SWIFT_ACTIVE_COMPILATION_CONDITIONS = "DEBUG $(inherited)";
				SWIFT_OPTIMIZATION_LEVEL = "-Onone";
			};
			name = Debug;
		};
		B121CEBD2BEF05FE00796B11 /* Release */ = {
			isa = XCBuildConfiguration;
			buildSettings = {
				ALWAYS_SEARCH_USER_PATHS = NO;
				ASSETCATALOG_COMPILER_GENERATE_SWIFT_ASSET_SYMBOL_EXTENSIONS = YES;
				CLANG_ANALYZER_NONNULL = YES;
				CLANG_ANALYZER_NUMBER_OBJECT_CONVERSION = YES_AGGRESSIVE;
				CLANG_CXX_LANGUAGE_STANDARD = "gnu++20";
				CLANG_ENABLE_MODULES = YES;
				CLANG_ENABLE_OBJC_ARC = YES;
				CLANG_ENABLE_OBJC_WEAK = YES;
				CLANG_WARN_BLOCK_CAPTURE_AUTORELEASING = YES;
				CLANG_WARN_BOOL_CONVERSION = YES;
				CLANG_WARN_COMMA = YES;
				CLANG_WARN_CONSTANT_CONVERSION = YES;
				CLANG_WARN_DEPRECATED_OBJC_IMPLEMENTATIONS = YES;
				CLANG_WARN_DIRECT_OBJC_ISA_USAGE = YES_ERROR;
				CLANG_WARN_DOCUMENTATION_COMMENTS = YES;
				CLANG_WARN_EMPTY_BODY = YES;
				CLANG_WARN_ENUM_CONVERSION = YES;
				CLANG_WARN_INFINITE_RECURSION = YES;
				CLANG_WARN_INT_CONVERSION = YES;
				CLANG_WARN_NON_LITERAL_NULL_CONVERSION = YES;
				CLANG_WARN_OBJC_IMPLICIT_RETAIN_SELF = YES;
				CLANG_WARN_OBJC_LITERAL_CONVERSION = YES;
				CLANG_WARN_OBJC_ROOT_CLASS = YES_ERROR;
				CLANG_WARN_QUOTED_INCLUDE_IN_FRAMEWORK_HEADER = YES;
				CLANG_WARN_RANGE_LOOP_ANALYSIS = YES;
				CLANG_WARN_STRICT_PROTOTYPES = YES;
				CLANG_WARN_SUSPICIOUS_MOVE = YES;
				CLANG_WARN_UNGUARDED_AVAILABILITY = YES_AGGRESSIVE;
				CLANG_WARN_UNREACHABLE_CODE = YES;
				CLANG_WARN__DUPLICATE_METHOD_MATCH = YES;
				COPY_PHASE_STRIP = NO;
				DEBUG_INFORMATION_FORMAT = "dwarf-with-dsym";
				ENABLE_NS_ASSERTIONS = NO;
				ENABLE_STRICT_OBJC_MSGSEND = YES;
				ENABLE_USER_SCRIPT_SANDBOXING = YES;
				GCC_C_LANGUAGE_STANDARD = gnu17;
				GCC_NO_COMMON_BLOCKS = YES;
				GCC_WARN_64_TO_32_BIT_CONVERSION = YES;
				GCC_WARN_ABOUT_RETURN_TYPE = YES_ERROR;
				GCC_WARN_UNDECLARED_SELECTOR = YES;
				GCC_WARN_UNINITIALIZED_AUTOS = YES_AGGRESSIVE;
				GCC_WARN_UNUSED_FUNCTION = YES;
				GCC_WARN_UNUSED_VARIABLE = YES;
				IPHONEOS_DEPLOYMENT_TARGET = 17.4;
				LOCALIZATION_PREFERS_STRING_CATALOGS = YES;
				MTL_ENABLE_DEBUG_INFO = NO;
				MTL_FAST_MATH = YES;
				SDKROOT = iphoneos;
				SWIFT_COMPILATION_MODE = wholemodule;
				VALIDATE_PRODUCT = YES;
			};
			name = Release;
		};
		B121CEBF2BEF05FE00796B11 /* Debug */ = {
			isa = XCBuildConfiguration;
			buildSettings = {
				ASSETCATALOG_COMPILER_APPICON_NAME = AppIcon;
				ASSETCATALOG_COMPILER_GLOBAL_ACCENT_COLOR_NAME = AccentColor;
				CODE_SIGN_STYLE = Automatic;
				CURRENT_PROJECT_VERSION = 1;
				DEVELOPMENT_TEAM = 6D2DJPGTY2;
				GENERATE_INFOPLIST_FILE = YES;
				INFOPLIST_FILE = aboutable/Info.plist;
				INFOPLIST_KEY_UIApplicationSupportsIndirectInputEvents = YES;
				INFOPLIST_KEY_UILaunchStoryboardName = LaunchScreen;
				INFOPLIST_KEY_UIMainStoryboardFile = Main;
				INFOPLIST_KEY_UISupportedInterfaceOrientations_iPad = "UIInterfaceOrientationPortrait UIInterfaceOrientationPortraitUpsideDown UIInterfaceOrientationLandscapeLeft UIInterfaceOrientationLandscapeRight";
				INFOPLIST_KEY_UISupportedInterfaceOrientations_iPhone = "UIInterfaceOrientationPortrait UIInterfaceOrientationLandscapeLeft UIInterfaceOrientationLandscapeRight";
				LD_RUNPATH_SEARCH_PATHS = (
					"$(inherited)",
					"@executable_path/Frameworks",
				);
				MARKETING_VERSION = 1.0;
				PRODUCT_BUNDLE_IDENTIFIER = com.alan.aboutable;
				PRODUCT_NAME = "$(TARGET_NAME)";
				SWIFT_EMIT_LOC_STRINGS = YES;
				SWIFT_VERSION = 5.0;
				TARGETED_DEVICE_FAMILY = "1,2";
			};
			name = Debug;
		};
		B121CEC02BEF05FE00796B11 /* Release */ = {
			isa = XCBuildConfiguration;
			buildSettings = {
				ASSETCATALOG_COMPILER_APPICON_NAME = AppIcon;
				ASSETCATALOG_COMPILER_GLOBAL_ACCENT_COLOR_NAME = AccentColor;
				CODE_SIGN_STYLE = Automatic;
				CURRENT_PROJECT_VERSION = 1;
				DEVELOPMENT_TEAM = 6D2DJPGTY2;
				GENERATE_INFOPLIST_FILE = YES;
				INFOPLIST_FILE = aboutable/Info.plist;
				INFOPLIST_KEY_UIApplicationSupportsIndirectInputEvents = YES;
				INFOPLIST_KEY_UILaunchStoryboardName = LaunchScreen;
				INFOPLIST_KEY_UIMainStoryboardFile = Main;
				INFOPLIST_KEY_UISupportedInterfaceOrientations_iPad = "UIInterfaceOrientationPortrait UIInterfaceOrientationPortraitUpsideDown UIInterfaceOrientationLandscapeLeft UIInterfaceOrientationLandscapeRight";
				INFOPLIST_KEY_UISupportedInterfaceOrientations_iPhone = "UIInterfaceOrientationPortrait UIInterfaceOrientationLandscapeLeft UIInterfaceOrientationLandscapeRight";
				LD_RUNPATH_SEARCH_PATHS = (
					"$(inherited)",
					"@executable_path/Frameworks",
				);
				MARKETING_VERSION = 1.0;
				PRODUCT_BUNDLE_IDENTIFIER = com.alan.aboutable;
				PRODUCT_NAME = "$(TARGET_NAME)";
				SWIFT_EMIT_LOC_STRINGS = YES;
				SWIFT_VERSION = 5.0;
				TARGETED_DEVICE_FAMILY = "1,2";
			};
			name = Release;
		};
/* End XCBuildConfiguration section */

/* Begin XCConfigurationList section */
		B121CEA52BEF05FD00796B11 /* Build configuration list for PBXProject "aboutable" */ = {
			isa = XCConfigurationList;
			buildConfigurations = (
				B121CEBC2BEF05FE00796B11 /* Debug */,
				B121CEBD2BEF05FE00796B11 /* Release */,
			);
			defaultConfigurationIsVisible = 0;
			defaultConfigurationName = Release;
		};
		B121CEBE2BEF05FE00796B11 /* Build configuration list for PBXNativeTarget "aboutable" */ = {
			isa = XCConfigurationList;
			buildConfigurations = (
				B121CEBF2BEF05FE00796B11 /* Debug */,
				B121CEC02BEF05FE00796B11 /* Release */,
			);
			defaultConfigurationIsVisible = 0;
			defaultConfigurationName = Release;
		};
/* End XCConfigurationList section */
	};
	rootObject = B121CEA22BEF05FD00796B11 /* Project object */;
}
